Microsoft Visual Studio Solution File, Format Version 12.00
# Visual Studio Version 17
VisualStudioVersion = 17.5.2.0
MinimumVisualStudioVersion = 10.0.40219.1
Project("{FAE04EC0-301F-11D3-BF4B-00C04F79EFBC}") = "UsersManagement", "UsersManagement.csproj", "{52B481DE-9649-BB21-45DB-91E01BA8C49B}"
EndProject
Global
	GlobalSection(SolutionConfigurationPlatforms) = preSolution
		Debug|Any CPU = Debug|Any CPU
		Release|Any CPU = Release|Any CPU
	EndGlobalSection
	GlobalSection(ProjectConfigurationPlatforms) = postSolution
		{52B481DE-9649-BB21-45DB-91E01BA8C49B}.Debug|Any CPU.ActiveCfg = Debug|Any CPU
		{52B481DE-9649-BB21-45DB-91E01BA8C49B}.Debug|Any CPU.Build.0 = Debug|Any CPU
		{52B481DE-9649-BB21-45DB-91E01BA8C49B}.Release|Any CPU.ActiveCfg = Release|Any CPU
		{52B481DE-9649-BB21-45DB-91E01BA8C49B}.Release|Any CPU.Build.0 = Release|Any CPU
	EndGlobalSection
	GlobalSection(SolutionProperties) = preSolution
		HideSolutionNode = FALSE
	EndGlobalSection
	GlobalSection(ExtensibilityGlobals) = postSolution
		SolutionGuid = {FDC9E365-3E0F-4CF8-BA0F-C1E8CF9DDE64}
	EndGlobalSection
EndGlobal
